
Microsoft Visual Studio Solution File, Format Version 12.00
# Visual Studio 15
VisualStudioVersion = 15.0.28307.489
MinimumVisualStudioVersion = 10.0.40219.1
Project("{FAE04EC0-301F-11D3-BF4B-00C04F79EFBC}") = "SOAAssignment_Soap_Service", "SOAAssignment\SOAAssignment_Soap_Service.csproj", "{1C81A14F-CEA1-422B-BF1E-E68806E1F054}"
EndProject
Global
	GlobalSection(SolutionConfigurationPlatforms) = preSolution
		Debug|Any CPU = Debug|Any CPU
		Release|Any CPU = Release|Any CPU
	EndGlobalSection
	GlobalSection(ProjectConfigurationPlatforms) = postSolution
		{1C81A14F-CEA1-422B-BF1E-E68806E1F054}.Debug|Any CPU.ActiveCfg = Debug|Any CPU
		{1C81A14F-CEA1-422B-BF1E-E68806E1F054}.Debug|Any CPU.Build.0 = Debug|Any CPU
		{1C81A14F-CEA1-422B-BF1E-E68806E1F054}.Release|Any CPU.ActiveCfg = Release|Any CPU
		{1C81A14F-CEA1-422B-BF1E-E68806E1F054}.Release|Any CPU.Build.0 = Release|Any CPU
	EndGlobalSection
	GlobalSection(SolutionProperties) = preSolution
		HideSolutionNode = FALSE
	EndGlobalSection
	GlobalSection(ExtensibilityGlobals) = postSolution
		SolutionGuid = {E8AFC0F9-7D25-461A-A9A4-EE7B0EA7EF12}
	EndGlobalSection
EndGlobal
